{
  "name": "bcknd10102",
  "version": "1.0.0",
  "lockfileVersion": 3,
  "requires": true,
  "packages": {
    "": {
      "name": "bcknd10102",
      "version": "1.0.0",
      "license": "ISC",
      "devDependencies": {
        "ts-node-Dev": "github:types/express",
        "typescript": "^5.9.3"
      }
    },
    "node_modules/@types/node": {
      "version": "24.10.2",
      "resolved": "https://registry.npmjs.org/@types/node/-/node-24.10.2.tgz",
      "integrity": "sha512-WOhQTZ4G8xZ1tjJTvKOpyEVSGgOTvJAfDK3FNFgELyaTpzhdgHVHeqW8V+UJvzF5BT+/B54T/1S2K6gd9c7bbA==",
      "dev": true,
      "license": "MIT",
      "peer": true,
      "dependencies": {
        "undici-types": "~7.16.0"
      }
    },
    "node_modules/@types/serve-static": {
      "version": "1.11.1",
      "resolved": "git+ssh://git@github.com/types/npm-serve-static.git#c1f96843c8b96a37f6c534cb1dadb48f5329e4e0",
      "integrity": "sha512-jvjowXgPD/9JiONlOJB2IrkxUqX8hgOGkcMbWbdSrJA+kvNO9ak8rW4DcVdVaYMp0Yj5iJsPmlFfOBfgr51yBw==",
      "dev": true,
      "license": "ISC",
      "peerDependencies": {
        "@types/node": "*"
      }
    },
    "node_modules/isarray": {
      "version": "0.0.1",
      "resolved": "https://registry.npmjs.org/isarray/-/isarray-0.0.1.tgz",
      "integrity": "sha512-D2S+3GLxWH+uhrNEcoh/fnmYeP8E8/zHl644d/jdA0g2uyXvy3sb0qxotE+ne0LtccHknQzWwZEzhak7oJ0COQ==",
      "dev": true,
      "license": "MIT"
    },
    "node_modules/path-to-regexp": {
      "version": "1.5.3",
      "resolved": "git+ssh://git@github.com/pillarjs/path-to-regexp.git#ec285ed3500aed455df59e3b8b07f473412918a4",
      "integrity": "sha512-pmFLFZT9b6T+dh1FqVc/FBTJQo/4bNO6H9OrsbVMGgJCdZQLXvSjivJN/yQ4NudyLyhj877qZ9Ci47VyI789XA==",
      "dev": true,
      "license": "MIT",
      "dependencies": {
        "isarray": "0.0.1"
      }
    },
    "node_modules/ts-node-Dev": {
      "name": "@types/express",
      "version": "4.14.0",
      "resolved": "git+ssh://git@github.com/types/express.git#7670cf1cbce96b3159e3ff04a253926b34111220",
      "dev": true,
      "license": "ISC",
      "dependencies": {
        "@types/serve-static": "github:types/npm-serve-static#c1f96843c8b96a37f6c534cb1dadb48f5329e4e0",
        "path-to-regexp": "github:pillarjs/path-to-regexp#ec285ed3500aed455df59e3b8b07f473412918a4"
      },
      "peerDependencies": {
        "@types/node": "*"
      }
    },
    "node_modules/typescript": {
      "version": "5.9.3",
      "resolved": "https://registry.npmjs.org/typescript/-/typescript-5.9.3.tgz",
      "integrity": "sha512-jl1vZzPDinLr9eUt3J/t7V6FgNEw9QjvBPdysz9KfQDD41fQrC2Y4vKQdiaUpFT4bXlb1RHhLpp8wtm6M5TgSw==",
      "dev": true,
      "license": "Apache-2.0",
      "bin": {
        "tsc": "bin/tsc",
        "tsserver": "bin/tsserver"
      },
      "engines": {
        "node": ">=14.17"
      }
    },
    "node_modules/undici-types": {
      "version": "7.16.0",
      "resolved": "https://registry.npmjs.org/undici-types/-/undici-types-7.16.0.tgz",
      "integrity": "sha512-Zz+aZWSj8LE6zoxD+xrjh4VfkIG8Ya6LvYkZqtUQGJPZjYl53ypCaUwWqo7eI0x66KBGeRo+mlBEkMSeSZ38Nw==",
      "dev": true,
      "license": "MIT",
      "peer": true
    }
  }
}
